
Microsoft Visual Studio Solution File, Format Version 12.00
# Visual Studio Version 16
VisualStudioVersion = 16.0.31729.503
MinimumVisualStudioVersion = 10.0.40219.1
Project("{FAE04EC0-301F-11D3-BF4B-00C04F79EFBC}") = "ChildrenBookStore", "ChildrenBookStore\ChildrenBookStore.csproj", "{75AE8A13-819B-4320-8998-0B3BF1DDF133}"
EndProject
Global
	GlobalSection(SolutionConfigurationPlatforms) = preSolution
		Debug|Any CPU = Debug|Any CPU
		Release|Any CPU = Release|Any CPU
	EndGlobalSection
	GlobalSection(ProjectConfigurationPlatforms) = postSolution
		{75AE8A13-819B-4320-8998-0B3BF1DDF133}.Debug|Any CPU.ActiveCfg = Debug|Any CPU
		{75AE8A13-819B-4320-8998-0B3BF1DDF133}.Debug|Any CPU.Build.0 = Debug|Any CPU
		{75AE8A13-819B-4320-8998-0B3BF1DDF133}.Release|Any CPU.ActiveCfg = Release|Any CPU
		{75AE8A13-819B-4320-8998-0B3BF1DDF133}.Release|Any CPU.Build.0 = Release|Any CPU
	EndGlobalSection
	GlobalSection(SolutionProperties) = preSolution
		HideSolutionNode = FALSE
	EndGlobalSection
	GlobalSection(ExtensibilityGlobals) = postSolution
		SolutionGuid = {521B0888-4866-494E-A473-77BB3260E1E6}
	EndGlobalSection
EndGlobal
